PODS:
  - Flutter (1.0.0)
  - so_wechat (0.0.1):
    - Flutter
    - WechatOpenSDK
  - WechatOpenSDK (1.8.6.2)

DEPENDENCIES:
  - Flutter (from `Flutter`)
  - so_wechat (from `.symlinks/plugins/so_wechat/ios`)

SPEC REPOS:
  trunk:
    - WechatOpenSDK

EXTERNAL SOURCES:
  Flutter:
    :path: Flutter
  so_wechat:
    :path: ".symlinks/plugins/so_wechat/ios"

SPEC CHECKSUMS:
  Flutter: 0e3d915762c693b495b44d77113d4970485de6ec
  so_wechat: 46c6256a32dbba478790c8379ea49795044ffb1f
  WechatOpenSDK: 8b3ba4239193d1112205c139c94e21934e8f369a

PODFILE CHECKSUM: 083258d7f5e80b42ea9bfee905fe93049bc04c64

COCOAPODS: 1.8.4
