PODS:
  - Flutter (1.0.0)
  - so_wechat (0.0.1):
    - Flutter
    - WechatOpenSDK
  - WechatOpenSDK (1.8.6.2)

DEPENDENCIES:
  - Flutter (from `Flutter`)
  - so_wechat (from `.symlinks/plugins/so_wechat/ios`)

SPEC REPOS:
  trunk:
    - WechatOpenSDK

EXTERNAL SOURCES:
  Flutter:
    :path: Flutter
  so_wechat:
    :path: ".symlinks/plugins/so_wechat/ios"

SPEC CHECKSUMS:
  Flutter: 0e3d915762c693b495b44d77113d4970485de6ec
  so_wechat: 43fae284455c50b65dc42687af487f00ac0ee891
  WechatOpenSDK: 8b3ba4239193d1112205c139c94e21934e8f369a

PODFILE CHECKSUM: 3dbe063e9c90a5d7c9e4e76e70a821b9e2c1d271

COCOAPODS: 1.8.4
